
Microsoft Visual Studio Solution File, Format Version 12.00
# Visual Studio Version 17
VisualStudioVersion = 17.11.35327.3
MinimumVisualStudioVersion = 10.0.40219.1
Project("{9A19103F-16F7-4668-BE54-9A1E7A4F7556}") = "OctoMessager.Client", "OctoMessager.Client.csproj", "{8D88FAC6-0C39-478B-952A-3DACEFDB8C13}"
EndProject
Global
	GlobalSection(SolutionConfigurationPlatforms) = preSolution
		Debug|Any CPU = Debug|Any CPU
		Release|Any CPU = Release|Any CPU
	EndGlobalSection
	GlobalSection(ProjectConfigurationPlatforms) = postSolution
		{8D88FAC6-0C39-478B-952A-3DACEFDB8C13}.Debug|Any CPU.ActiveCfg = Debug|Any CPU
		{8D88FAC6-0C39-478B-952A-3DACEFDB8C13}.Debug|Any CPU.Build.0 = Debug|Any CPU
		{8D88FAC6-0C39-478B-952A-3DACEFDB8C13}.Release|Any CPU.ActiveCfg = Release|Any CPU
		{8D88FAC6-0C39-478B-952A-3DACEFDB8C13}.Release|Any CPU.Build.0 = Release|Any CPU
	EndGlobalSection
	GlobalSection(SolutionProperties) = preSolution
		HideSolutionNode = FALSE
	EndGlobalSection
	GlobalSection(ExtensibilityGlobals) = postSolution
		SolutionGuid = {CEFC089A-8AA5-4434-B175-D8631BB89BF0}
	EndGlobalSection
EndGlobal
